
Microsoft Visual Studio Solution File, Format Version 12.00
# Visual Studio Version 17
VisualStudioVersion = 17.8.34525.116
MinimumVisualStudioVersion = 10.0.40219.1
Project("{FAE04EC0-301F-11D3-BF4B-00C04F79EFBC}") = "BuildingLibrary", "BuildingLibrary\BuildingLibrary.csproj", "{896C8598-7523-4A1F-A102-D0BEE68CAF99}"
EndProject
Project("{FAE04EC0-301F-11D3-BF4B-00C04F79EFBC}") = "BuildingConsoleApp", "BuildingConsoleApp\BuildingConsoleApp.csproj", "{3A2644FF-E0DF-4B51-9B3F-94CCF3CBD7B8}"
EndProject
Global
	GlobalSection(SolutionConfigurationPlatforms) = preSolution
		Debug|Any CPU = Debug|Any CPU
		Release|Any CPU = Release|Any CPU
	EndGlobalSection
	GlobalSection(ProjectConfigurationPlatforms) = postSolution
		{896C8598-7523-4A1F-A102-D0BEE68CAF99}.Debug|Any CPU.ActiveCfg = Debug|Any CPU
		{896C8598-7523-4A1F-A102-D0BEE68CAF99}.Debug|Any CPU.Build.0 = Debug|Any CPU
		{896C8598-7523-4A1F-A102-D0BEE68CAF99}.Release|Any CPU.ActiveCfg = Release|Any CPU
		{896C8598-7523-4A1F-A102-D0BEE68CAF99}.Release|Any CPU.Build.0 = Release|Any CPU
		{3A2644FF-E0DF-4B51-9B3F-94CCF3CBD7B8}.Debug|Any CPU.ActiveCfg = Debug|Any CPU
		{3A2644FF-E0DF-4B51-9B3F-94CCF3CBD7B8}.Debug|Any CPU.Build.0 = Debug|Any CPU
		{3A2644FF-E0DF-4B51-9B3F-94CCF3CBD7B8}.Release|Any CPU.ActiveCfg = Release|Any CPU
		{3A2644FF-E0DF-4B51-9B3F-94CCF3CBD7B8}.Release|Any CPU.Build.0 = Release|Any CPU
	EndGlobalSection
	GlobalSection(SolutionProperties) = preSolution
		HideSolutionNode = FALSE
	EndGlobalSection
	GlobalSection(ExtensibilityGlobals) = postSolution
		SolutionGuid = {C0A56464-8F73-445D-A4D6-478F6F530DED}
	EndGlobalSection
EndGlobal
